// !$*UTF8*$!
{
	archiveVersion = 1;
	classes = {
	};
	objectVersion = 46;
	objects = {

/* Begin PBXBuildFile section */
		877618101EF4113D00F7AD38 /* main.m in Sources */ = {isa = PBXBuildFile; fileRef = 8776180F1EF4113D00F7AD38 /* main.m */; };
		877618131EF4113D00F7AD38 /* AppDelegate.m in Sources */ = {isa = PBXBuildFile; fileRef = 877618121EF4113D00F7AD38 /* AppDelegate.m */; };
		877618191EF4113D00F7AD38 /* Main.storyboard in Resources */ = {isa = PBXBuildFile; fileRef = 877618171EF4113D00F7AD38 /* Main.storyboard */; };
		8776181B1EF4113D00F7AD38 /* Assets.xcassets in Resources */ = {isa = PBXBuildFile; fileRef = 8776181A1EF4113D00F7AD38 /* Assets.xcassets */; };
		8776181E1EF4113D00F7AD38 /* LaunchScreen.storyboard in Resources */ = {isa = PBXBuildFile; fileRef = 8776181C1EF4113D00F7AD38 /* LaunchScreen.storyboard */; };
		877618351EF413CC00F7AD38 /* MeaWalletViewController.m in Sources */ = {isa = PBXBuildFile; fileRef = 877618341EF413CC00F7AD38 /* MeaWalletViewController.m */; };
		878525AF1F961610004D7BE2 /* MeaWallet.framework in Frameworks */ = {isa = PBXBuildFile; fileRef = 878525AE1F961610004D7BE2 /* MeaWallet.framework */; };
/* End PBXBuildFile section */

/* Begin PBXCopyFilesBuildPhase section */
		877618321EF4115900F7AD38 /* Embed Frameworks */ = {
			isa = PBXCopyFilesBuildPhase;
			buildActionMask = 2147483647;
			dstPath = "";
			dstSubfolderSpec = 10;
			files = (
			);
			name = "Embed Frameworks";
			runOnlyForDeploymentPostprocessing = 0;
		};
/* End PBXCopyFilesBuildPhase section */

/* Begin PBXFileReference section */
		8776180B1EF4113D00F7AD38 /* MeaWalletApp.app */ = {isa = PBXFileReference; explicitFileType = wrapper.application; includeInIndex = 0; path = MeaWalletApp.app; sourceTree = BUILT_PRODUCTS_DIR; };
		8776180F1EF4113D00F7AD38 /* main.m */ = {isa = PBXFileReference; lastKnownFileType = sourcecode.c.objc; path = main.m; sourceTree = "<group>"; };
		877618111EF4113D00F7AD38 /* AppDelegate.h */ = {isa = PBXFileReference; lastKnownFileType = sourcecode.c.h; path = AppDelegate.h; sourceTree = "<group>"; };
		877618121EF4113D00F7AD38 /* AppDelegate.m */ = {isa = PBXFileReference; lastKnownFileType = sourcecode.c.objc; path = AppDelegate.m; sourceTree = "<group>"; };
		877618181EF4113D00F7AD38 /* Base */ = {isa = PBXFileReference; lastKnownFileType = file.storyboard; name = Base; path = Base.lproj/Main.storyboard; sourceTree = "<group>"; };
		8776181A1EF4113D00F7AD38 /* Assets.xcassets */ = {isa = PBXFileReference; lastKnownFileType = folder.assetcatalog; path = Assets.xcassets; sourceTree = "<group>"; };
		8776181D1EF4113D00F7AD38 /* Base */ = {isa = PBXFileReference; lastKnownFileType = file.storyboard; name = Base; path = Base.lproj/LaunchScreen.storyboard; sourceTree = "<group>"; };
		8776181F1EF4113D00F7AD38 /* Info.plist */ = {isa = PBXFileReference; lastKnownFileType = text.plist.xml; path = Info.plist; sourceTree = "<group>"; };
		877618331EF413CC00F7AD38 /* MeaWalletViewController.h */ = {isa = PBXFileReference; fileEncoding = 4; lastKnownFileType = sourcecode.c.h; path = MeaWalletViewController.h; sourceTree = "<group>"; };
		877618341EF413CC00F7AD38 /* MeaWalletViewController.m */ = {isa = PBXFileReference; fileEncoding = 4; lastKnownFileType = sourcecode.c.objc; path = MeaWalletViewController.m; sourceTree = "<group>"; };
		878525AE1F961610004D7BE2 /* MeaWallet.framework */ = {isa = PBXFileReference; lastKnownFileType = wrapper.framework; path = MeaWallet.framework; sourceTree = "<group>"; };
/* End PBXFileReference section */

/* Begin PBXFrameworksBuildPhase section */
		877618081EF4113D00F7AD38 /* Frameworks */ = {
			isa = PBXFrameworksBuildPhase;
			buildActionMask = 2147483647;
			files = (
				878525AF1F961610004D7BE2 /* MeaWallet.framework in Frameworks */,
			);
			runOnlyForDeploymentPostprocessing = 0;
		};
/* End PBXFrameworksBuildPhase section */

/* Begin PBXGroup section */
		877618021EF4113D00F7AD38 = {
			isa = PBXGroup;
			children = (
				878525AE1F961610004D7BE2 /* MeaWallet.framework */,
				8776180D1EF4113D00F7AD38 /* MeaWalletApp */,
				8776180C1EF4113D00F7AD38 /* Products */,
			);
			sourceTree = "<group>";
		};
		8776180C1EF4113D00F7AD38 /* Products */ = {
			isa = PBXGroup;
			children = (
				8776180B1EF4113D00F7AD38 /* MeaWalletApp.app */,
			);
			name = Products;
			sourceTree = "<group>";
		};
		8776180D1EF4113D00F7AD38 /* MeaWalletApp */ = {
			isa = PBXGroup;
			children = (
				877618111EF4113D00F7AD38 /* AppDelegate.h */,
				877618121EF4113D00F7AD38 /* AppDelegate.m */,
				877618331EF413CC00F7AD38 /* MeaWalletViewController.h */,
				877618341EF413CC00F7AD38 /* MeaWalletViewController.m */,
				877618171EF4113D00F7AD38 /* Main.storyboard */,
				8776181A1EF4113D00F7AD38 /* Assets.xcassets */,
				8776181C1EF4113D00F7AD38 /* LaunchScreen.storyboard */,
				8776181F1EF4113D00F7AD38 /* Info.plist */,
				8776180E1EF4113D00F7AD38 /* Supporting Files */,
			);
			path = MeaWalletApp;
			sourceTree = "<group>";
		};
		8776180E1EF4113D00F7AD38 /* Supporting Files */ = {
			isa = PBXGroup;
			children = (
				8776180F1EF4113D00F7AD38 /* main.m */,
			);
			name = "Supporting Files";
			sourceTree = "<group>";
		};
/* End PBXGroup section */

/* Begin PBXNativeTarget section */
		8776180A1EF4113D00F7AD38 /* MeaWalletApp */ = {
			isa = PBXNativeTarget;
			buildConfigurationList = 877618221EF4113D00F7AD38 /* Build configuration list for PBXNativeTarget "MeaWalletApp" */;
			buildPhases = (
				877618071EF4113D00F7AD38 /* Sources */,
				877618081EF4113D00F7AD38 /* Frameworks */,
				877618091EF4113D00F7AD38 /* Resources */,
				877618321EF4115900F7AD38 /* Embed Frameworks */,
			);
			buildRules = (
			);
			dependencies = (
			);
			name = MeaWalletApp;
			productName = MeaWalletApp;
			productReference = 8776180B1EF4113D00F7AD38 /* MeaWalletApp.app */;
			productType = "com.apple.product-type.application";
		};
/* End PBXNativeTarget section */

/* Begin PBXProject section */
		877618031EF4113D00F7AD38 /* Project object */ = {
			isa = PBXProject;
			attributes = {
				LastUpgradeCheck = 0900;
				ORGANIZATIONNAME = "Alehna, Arturs";
				TargetAttributes = {
					8776180A1EF4113D00F7AD38 = {
						CreatedOnToolsVersion = 8.3.3;
						ProvisioningStyle = Automatic;
					};
				};
			};
			buildConfigurationList = 877618061EF4113D00F7AD38 /* Build configuration list for PBXProject "MeaWalletApp" */;
			compatibilityVersion = "Xcode 3.2";
			developmentRegion = English;
			hasScannedForEncodings = 0;
			knownRegions = (
				en,
				Base,
			);
			mainGroup = 877618021EF4113D00F7AD38;
			productRefGroup = 8776180C1EF4113D00F7AD38 /* Products */;
			projectDirPath = "";
			projectRoot = "";
			targets = (
				8776180A1EF4113D00F7AD38 /* MeaWalletApp */,
			);
		};
/* End PBXProject section */

/* Begin PBXResourcesBuildPhase section */
		877618091EF4113D00F7AD38 /* Resources */ = {
			isa = PBXResourcesBuildPhase;
			buildActionMask = 2147483647;
			files = (
				8776181E1EF4113D00F7AD38 /* LaunchScreen.storyboard in Resources */,
				8776181B1EF4113D00F7AD38 /* Assets.xcassets in Resources */,
				877618191EF4113D00F7AD38 /* Main.storyboard in Resources */,
			);
			runOnlyForDeploymentPostprocessing = 0;
		};
/* End PBXResourcesBuildPhase section */

/* Begin PBXSourcesBuildPhase section */
		877618071EF4113D00F7AD38 /* Sources */ = {
			isa = PBXSourcesBuildPhase;
			buildActionMask = 2147483647;
			files = (
				877618131EF4113D00F7AD38 /* AppDelegate.m in Sources */,
				877618101EF4113D00F7AD38 /* main.m in Sources */,
				877618351EF413CC00F7AD38 /* MeaWalletViewController.m in Sources */,
			);
			runOnlyForDeploymentPostprocessing = 0;
		};
/* End PBXSourcesBuildPhase section */

/* Begin PBXVariantGroup section */
		877618171EF4113D00F7AD38 /* Main.storyboard */ = {
			isa = PBXVariantGroup;
			children = (
				877618181EF4113D00F7AD38 /* Base */,
			);
			name = Main.storyboard;
			sourceTree = "<group>";
		};
		8776181C1EF4113D00F7AD38 /* LaunchScreen.storyboard */ = {
			isa = PBXVariantGroup;
			children = (
				8776181D1EF4113D00F7AD38 /* Base */,
			);
			name = LaunchScreen.storyboard;
			sourceTree = "<group>";
		};
/* End PBXVariantGroup section */

/* Begin XCBuildConfiguration section */
		877618201EF4113D00F7AD38 /* Debug */ = {
			isa = XCBuildConfiguration;
			buildSettings = {
				ALWAYS_SEARCH_USER_PATHS = NO;
				CLANG_ANALYZER_NONNULL = YES;
				CLANG_ANALYZER_NUMBER_OBJECT_CONVERSION = YES_AGGRESSIVE;
				CLANG_CXX_LANGUAGE_STANDARD = "gnu++0x";
				CLANG_CXX_LIBRARY = "libc++";
				CLANG_ENABLE_MODULES = YES;
				CLANG_ENABLE_OBJC_ARC = YES;
				CLANG_WARN_BLOCK_CAPTURE_AUTORELEASING = YES;
				CLANG_WARN_BOOL_CONVERSION = YES;
				CLANG_WARN_COMMA = YES;
				CLANG_WARN_CONSTANT_CONVERSION = YES;
				CLANG_WARN_DIRECT_OBJC_ISA_USAGE = YES_ERROR;
				CLANG_WARN_DOCUMENTATION_COMMENTS = YES;
				CLANG_WARN_EMPTY_BODY = YES;
				CLANG_WARN_ENUM_CONVERSION = YES;
				CLANG_WARN_INFINITE_RECURSION = YES;
				CLANG_WARN_INT_CONVERSION = YES;
				CLANG_WARN_NON_LITERAL_NULL_CONVERSION = YES;
				CLANG_WARN_OBJC_LITERAL_CONVERSION = YES;
				CLANG_WARN_OBJC_ROOT_CLASS = YES_ERROR;
				CLANG_WARN_RANGE_LOOP_ANALYSIS = YES;
				CLANG_WARN_STRICT_PROTOTYPES = YES;
				CLANG_WARN_SUSPICIOUS_MOVE = YES;
				CLANG_WARN_UNREACHABLE_CODE = YES;
				CLANG_WARN__DUPLICATE_METHOD_MATCH = YES;
				"CODE_SIGN_IDENTITY[sdk=iphoneos*]" = "iPhone Developer";
				COPY_PHASE_STRIP = NO;
				DEBUG_INFORMATION_FORMAT = dwarf;
				ENABLE_STRICT_OBJC_MSGSEND = YES;
				ENABLE_TESTABILITY = YES;
				GCC_C_LANGUAGE_STANDARD = gnu99;
				GCC_DYNAMIC_NO_PIC = NO;
				GCC_NO_COMMON_BLOCKS = YES;
				GCC_OPTIMIZATION_LEVEL = 0;
				GCC_PREPROCESSOR_DEFINITIONS = (
					"DEBUG=1",
					"$(inherited)",
				);
				GCC_WARN_64_TO_32_BIT_CONVERSION = YES;
				GCC_WARN_ABOUT_RETURN_TYPE = YES_ERROR;
				GCC_WARN_UNDECLARED_SELECTOR = YES;
				GCC_WARN_UNINITIALIZED_AUTOS = YES_AGGRESSIVE;
				GCC_WARN_UNUSED_FUNCTION = YES;
				GCC_WARN_UNUSED_VARIABLE = YES;
				IPHONEOS_DEPLOYMENT_TARGET = 10.3;
				MTL_ENABLE_DEBUG_INFO = YES;
				ONLY_ACTIVE_ARCH = YES;
				SDKROOT = iphoneos;
				TARGETED_DEVICE_FAMILY = "1,2";
			};
			name = Debug;
		};
		877618211EF4113D00F7AD38 /* Release */ = {
			isa = XCBuildConfiguration;
			buildSettings = {
				ALWAYS_SEARCH_USER_PATHS = NO;
				CLANG_ANALYZER_NONNULL = YES;
				CLANG_ANALYZER_NUMBER_OBJECT_CONVERSION = YES_AGGRESSIVE;
				CLANG_CXX_LANGUAGE_STANDARD = "gnu++0x";
				CLANG_CXX_LIBRARY = "libc++";
				CLANG_ENABLE_MODULES = YES;
				CLANG_ENABLE_OBJC_ARC = YES;
				CLANG_WARN_BLOCK_CAPTURE_AUTORELEASING = YES;
				CLANG_WARN_BOOL_CONVERSION = YES;
				CLANG_WARN_COMMA = YES;
				CLANG_WARN_CONSTANT_CONVERSION = YES;
				CLANG_WARN_DIRECT_OBJC_ISA_USAGE = YES_ERROR;
				CLANG_WARN_DOCUMENTATION_COMMENTS = YES;
				CLANG_WARN_EMPTY_BODY = YES;
				CLANG_WARN_ENUM_CONVERSION = YES;
				CLANG_WARN_INFINITE_RECURSION = YES;
				CLANG_WARN_INT_CONVERSION = YES;
				CLANG_WARN_NON_LITERAL_NULL_CONVERSION = YES;
				CLANG_WARN_OBJC_LITERAL_CONVERSION = YES;
				CLANG_WARN_OBJC_ROOT_CLASS = YES_ERROR;
				CLANG_WARN_RANGE_LOOP_ANALYSIS = YES;
				CLANG_WARN_STRICT_PROTOTYPES = YES;
				CLANG_WARN_SUSPICIOUS_MOVE = YES;
				CLANG_WARN_UNREACHABLE_CODE = YES;
				CLANG_WARN__DUPLICATE_METHOD_MATCH = YES;
				"CODE_SIGN_IDENTITY[sdk=iphoneos*]" = "iPhone Developer";
				COPY_PHASE_STRIP = NO;
				DEBUG_INFORMATION_FORMAT = "dwarf-with-dsym";
				ENABLE_NS_ASSERTIONS = NO;
				ENABLE_STRICT_OBJC_MSGSEND = YES;
				GCC_C_LANGUAGE_STANDARD = gnu99;
				GCC_NO_COMMON_BLOCKS = YES;
				GCC_WARN_64_TO_32_BIT_CONVERSION = YES;
				GCC_WARN_ABOUT_RETURN_TYPE = YES_ERROR;
				GCC_WARN_UNDECLARED_SELECTOR = YES;
				GCC_WARN_UNINITIALIZED_AUTOS = YES_AGGRESSIVE;
				GCC_WARN_UNUSED_FUNCTION = YES;
				GCC_WARN_UNUSED_VARIABLE = YES;
				IPHONEOS_DEPLOYMENT_TARGET = 10.3;
				MTL_ENABLE_DEBUG_INFO = NO;
				SDKROOT = iphoneos;
				TARGETED_DEVICE_FAMILY = "1,2";
				VALIDATE_PRODUCT = YES;
			};
			name = Release;
		};
		877618231EF4113D00F7AD38 /* Debug */ = {
			isa = XCBuildConfiguration;
			buildSettings = {
				ASSETCATALOG_COMPILER_APPICON_NAME = AppIcon;
				FRAMEWORK_SEARCH_PATHS = (
					"$(inherited)",
					"$(PROJECT_DIR)",
				);
				INFOPLIST_FILE = MeaWalletApp/Info.plist;
				LD_RUNPATH_SEARCH_PATHS = "$(inherited) @executable_path/Frameworks";
				PRODUCT_BUNDLE_IDENTIFIER = com.MeaWalletApp;
				PRODUCT_NAME = "$(TARGET_NAME)";
			};
			name = Debug;
		};
		877618241EF4113D00F7AD38 /* Release */ = {
			isa = XCBuildConfiguration;
			buildSettings = {
				ASSETCATALOG_COMPILER_APPICON_NAME = AppIcon;
				FRAMEWORK_SEARCH_PATHS = (
					"$(inherited)",
					"$(PROJECT_DIR)",
				);
				INFOPLIST_FILE = MeaWalletApp/Info.plist;
				LD_RUNPATH_SEARCH_PATHS = "$(inherited) @executable_path/Frameworks";
				PRODUCT_BUNDLE_IDENTIFIER = com.MeaWalletApp;
				PRODUCT_NAME = "$(TARGET_NAME)";
			};
			name = Release;
		};
/* End XCBuildConfiguration section */

/* Begin XCConfigurationList section */
		877618061EF4113D00F7AD38 /* Build configuration list for PBXProject "MeaWalletApp" */ = {
			isa = XCConfigurationList;
			buildConfigurations = (
				877618201EF4113D00F7AD38 /* Debug */,
				877618211EF4113D00F7AD38 /* Release */,
			);
			defaultConfigurationIsVisible = 0;
			defaultConfigurationName = Release;
		};
		877618221EF4113D00F7AD38 /* Build configuration list for PBXNativeTarget "MeaWalletApp" */ = {
			isa = XCConfigurationList;
			buildConfigurations = (
				877618231EF4113D00F7AD38 /* Debug */,
				877618241EF4113D00F7AD38 /* Release */,
			);
			defaultConfigurationIsVisible = 0;
			defaultConfigurationName = Release;
		};
/* End XCConfigurationList section */
	};
	rootObject = 877618031EF4113D00F7AD38 /* Project object */;
}
